// !$*UTF8*$!
{
	archiveVersion = 1;
	classes = {
	};
	objectVersion = 46;
	objects = {

/* Begin PBXBuildFile section */
		22540843E6879CC17C3B27B5 /* Pods_screen_stream_watch_swift.framework in Frameworks */ = {isa = PBXBuildFile; fileRef = 57B6F6F8A75741ADE6EAC417 /* Pods_screen_stream_watch_swift.framework */; };
		2FE3036B05CAD6379A2C6DEC /* libPods-screen-stream-watch.a in Frameworks */ = {isa = PBXBuildFile; fileRef = 3CEB795B5FA76D2806AD2F8A /* libPods-screen-stream-watch.a */; };
		4AE84DF0D558B121475CF8CF /* libPods-screen-stream.a in Frameworks */ = {isa = PBXBuildFile; fileRef = 57261D99E0183E1DE081C177 /* libPods-screen-stream.a */; };
		F03FDB191F698D1200CD2EC2 /* main.m in Sources */ = {isa = PBXBuildFile; fileRef = F03FDB181F698D1200CD2EC2 /* main.m */; };
		F03FDB1C1F698D1200CD2EC2 /* AppDelegate.m in Sources */ = {isa = PBXBuildFile; fileRef = F03FDB1B1F698D1200CD2EC2 /* AppDelegate.m */; };
		F03FDB1F1F698D1200CD2EC2 /* FirstViewController.m in Sources */ = {isa = PBXBuildFile; fileRef = F03FDB1E1F698D1200CD2EC2 /* FirstViewController.m */; };
		F03FDB221F698D1200CD2EC2 /* SecondViewController.m in Sources */ = {isa = PBXBuildFile; fileRef = F03FDB211F698D1200CD2EC2 /* SecondViewController.m */; };
		F03FDB251F698D1200CD2EC2 /* Main.storyboard in Resources */ = {isa = PBXBuildFile; fileRef = F03FDB231F698D1200CD2EC2 /* Main.storyboard */; };
		F03FDB271F698D1200CD2EC2 /* Assets.xcassets in Resources */ = {isa = PBXBuildFile; fileRef = F03FDB261F698D1200CD2EC2 /* Assets.xcassets */; };
		F03FDB2A1F698D1200CD2EC2 /* LaunchScreen.storyboard in Resources */ = {isa = PBXBuildFile; fileRef = F03FDB281F698D1200CD2EC2 /* LaunchScreen.storyboard */; };
		F04526E61F6ADE34006471AE /* AppDelegate.m in Sources */ = {isa = PBXBuildFile; fileRef = F04526E51F6ADE34006471AE /* AppDelegate.m */; };
		F04526E91F6ADE34006471AE /* ViewController.m in Sources */ = {isa = PBXBuildFile; fileRef = F04526E81F6ADE34006471AE /* ViewController.m */; };
		F04526EC1F6ADE34006471AE /* Main.storyboard in Resources */ = {isa = PBXBuildFile; fileRef = F04526EA1F6ADE34006471AE /* Main.storyboard */; };
		F04526EE1F6ADE34006471AE /* Assets.xcassets in Resources */ = {isa = PBXBuildFile; fileRef = F04526ED1F6ADE34006471AE /* Assets.xcassets */; };
		F04526F11F6ADE34006471AE /* LaunchScreen.storyboard in Resources */ = {isa = PBXBuildFile; fileRef = F04526EF1F6ADE34006471AE /* LaunchScreen.storyboard */; };
		F04526F41F6ADE34006471AE /* main.m in Sources */ = {isa = PBXBuildFile; fileRef = F04526F31F6ADE34006471AE /* main.m */; };
		F0D9E5831F6BC7C5004F50D3 /* AppDelegate.swift in Sources */ = {isa = PBXBuildFile; fileRef = F0D9E5821F6BC7C5004F50D3 /* AppDelegate.swift */; };
		F0D9E5851F6BC7C5004F50D3 /* ViewController.swift in Sources */ = {isa = PBXBuildFile; fileRef = F0D9E5841F6BC7C5004F50D3 /* ViewController.swift */; };
		F0D9E5881F6BC7C5004F50D3 /* Main.storyboard in Resources */ = {isa = PBXBuildFile; fileRef = F0D9E5861F6BC7C5004F50D3 /* Main.storyboard */; };
		F0D9E58A1F6BC7C5004F50D3 /* Assets.xcassets in Resources */ = {isa = PBXBuildFile; fileRef = F0D9E5891F6BC7C5004F50D3 /* Assets.xcassets */; };
		F0D9E58D1F6BC7C5004F50D3 /* LaunchScreen.storyboard in Resources */ = {isa = PBXBuildFile; fileRef = F0D9E58B1F6BC7C5004F50D3 /* LaunchScreen.storyboard */; };
/* End PBXBuildFile section */

/* Begin PBXFileReference section */
		052CCA0EC19AA1C5496DDBF4 /* Pods-screen-stream-watch.release.xcconfig */ = {isa = PBXFileReference; includeInIndex = 1; lastKnownFileType = text.xcconfig; name = "Pods-screen-stream-watch.release.xcconfig"; path = "Pods/Target Support Files/Pods-screen-stream-watch/Pods-screen-stream-watch.release.xcconfig"; sourceTree = "<group>"; };
		2B74CAFA47EE58993C2C3550 /* Pods-screen-stream-watch-swift.debug.xcconfig */ = {isa = PBXFileReference; includeInIndex = 1; lastKnownFileType = text.xcconfig; name = "Pods-screen-stream-watch-swift.debug.xcconfig"; path = "Pods/Target Support Files/Pods-screen-stream-watch-swift/Pods-screen-stream-watch-swift.debug.xcconfig"; sourceTree = "<group>"; };
		3CEB795B5FA76D2806AD2F8A /* libPods-screen-stream-watch.a */ = {isa = PBXFileReference; explicitFileType = archive.ar; includeInIndex = 0; path = "libPods-screen-stream-watch.a"; sourceTree = BUILT_PRODUCTS_DIR; };
		57261D99E0183E1DE081C177 /* libPods-screen-stream.a */ = {isa = PBXFileReference; explicitFileType = archive.ar; includeInIndex = 0; path = "libPods-screen-stream.a"; sourceTree = BUILT_PRODUCTS_DIR; };
		57B6F6F8A75741ADE6EAC417 /* Pods_screen_stream_watch_swift.framework */ = {isa = PBXFileReference; explicitFileType = wrapper.framework; includeInIndex = 0; path = Pods_screen_stream_watch_swift.framework; sourceTree = BUILT_PRODUCTS_DIR; };
		692D781D1024B18F9192613D /* Pods-screen-stream.release.xcconfig */ = {isa = PBXFileReference; includeInIndex = 1; lastKnownFileType = text.xcconfig; name = "Pods-screen-stream.release.xcconfig"; path = "Pods/Target Support Files/Pods-screen-stream/Pods-screen-stream.release.xcconfig"; sourceTree = "<group>"; };
		8410ABF4FB4AB67B64009A5F /* Pods-screen-stream-watch-swift.release.xcconfig */ = {isa = PBXFileReference; includeInIndex = 1; lastKnownFileType = text.xcconfig; name = "Pods-screen-stream-watch-swift.release.xcconfig"; path = "Pods/Target Support Files/Pods-screen-stream-watch-swift/Pods-screen-stream-watch-swift.release.xcconfig"; sourceTree = "<group>"; };
		9DF8F674CAD4AAA50E853908 /* Pods-screen-stream-watch.debug.xcconfig */ = {isa = PBXFileReference; includeInIndex = 1; lastKnownFileType = text.xcconfig; name = "Pods-screen-stream-watch.debug.xcconfig"; path = "Pods/Target Support Files/Pods-screen-stream-watch/Pods-screen-stream-watch.debug.xcconfig"; sourceTree = "<group>"; };
		AB9143887CC7A4B8D9501048 /* Pods-screen-stream.debug.xcconfig */ = {isa = PBXFileReference; includeInIndex = 1; lastKnownFileType = text.xcconfig; name = "Pods-screen-stream.debug.xcconfig"; path = "Pods/Target Support Files/Pods-screen-stream/Pods-screen-stream.debug.xcconfig"; sourceTree = "<group>"; };
		F03FDB141F698D1200CD2EC2 /* screen-stream.app */ = {isa = PBXFileReference; explicitFileType = wrapper.application; includeInIndex = 0; path = "screen-stream.app"; sourceTree = BUILT_PRODUCTS_DIR; };
		F03FDB181F698D1200CD2EC2 /* main.m */ = {isa = PBXFileReference; lastKnownFileType = sourcecode.c.objc; path = main.m; sourceTree = "<group>"; };
		F03FDB1A1F698D1200CD2EC2 /* AppDelegate.h */ = {isa = PBXFileReference; lastKnownFileType = sourcecode.c.h; path = AppDelegate.h; sourceTree = "<group>"; };
		F03FDB1B1F698D1200CD2EC2 /* AppDelegate.m */ = {isa = PBXFileReference; lastKnownFileType = sourcecode.c.objc; path = AppDelegate.m; sourceTree = "<group>"; };
		F03FDB1D1F698D1200CD2EC2 /* FirstViewController.h */ = {isa = PBXFileReference; lastKnownFileType = sourcecode.c.h; path = FirstViewController.h; sourceTree = "<group>"; };
		F03FDB1E1F698D1200CD2EC2 /* FirstViewController.m */ = {isa = PBXFileReference; lastKnownFileType = sourcecode.c.objc; path = FirstViewController.m; sourceTree = "<group>"; };
		F03FDB201F698D1200CD2EC2 /* SecondViewController.h */ = {isa = PBXFileReference; lastKnownFileType = sourcecode.c.h; path = SecondViewController.h; sourceTree = "<group>"; };
		F03FDB211F698D1200CD2EC2 /* SecondViewController.m */ = {isa = PBXFileReference; lastKnownFileType = sourcecode.c.objc; path = SecondViewController.m; sourceTree = "<group>"; };
		F03FDB241F698D1200CD2EC2 /* Base */ = {isa = PBXFileReference; lastKnownFileType = file.storyboard; name = Base; path = Base.lproj/Main.storyboard; sourceTree = "<group>"; };
		F03FDB261F698D1200CD2EC2 /* Assets.xcassets */ = {isa = PBXFileReference; lastKnownFileType = folder.assetcatalog; path = Assets.xcassets; sourceTree = "<group>"; };
		F03FDB291F698D1200CD2EC2 /* Base */ = {isa = PBXFileReference; lastKnownFileType = file.storyboard; name = Base; path = Base.lproj/LaunchScreen.storyboard; sourceTree = "<group>"; };
		F03FDB2B1F698D1200CD2EC2 /* Info.plist */ = {isa = PBXFileReference; lastKnownFileType = text.plist.xml; path = Info.plist; sourceTree = "<group>"; };
		F04526E21F6ADE34006471AE /* screen-stream-watch.app */ = {isa = PBXFileReference; explicitFileType = wrapper.application; includeInIndex = 0; path = "screen-stream-watch.app"; sourceTree = BUILT_PRODUCTS_DIR; };
		F04526E41F6ADE34006471AE /* AppDelegate.h */ = {isa = PBXFileReference; lastKnownFileType = sourcecode.c.h; path = AppDelegate.h; sourceTree = "<group>"; };
		F04526E51F6ADE34006471AE /* AppDelegate.m */ = {isa = PBXFileReference; lastKnownFileType = sourcecode.c.objc; path = AppDelegate.m; sourceTree = "<group>"; };
		F04526E71F6ADE34006471AE /* ViewController.h */ = {isa = PBXFileReference; lastKnownFileType = sourcecode.c.h; path = ViewController.h; sourceTree = "<group>"; };
		F04526E81F6ADE34006471AE /* ViewController.m */ = {isa = PBXFileReference; lastKnownFileType = sourcecode.c.objc; path = ViewController.m; sourceTree = "<group>"; };
		F04526EB1F6ADE34006471AE /* Base */ = {isa = PBXFileReference; lastKnownFileType = file.storyboard; name = Base; path = Base.lproj/Main.storyboard; sourceTree = "<group>"; };
		F04526ED1F6ADE34006471AE /* Assets.xcassets */ = {isa = PBXFileReference; lastKnownFileType = folder.assetcatalog; path = Assets.xcassets; sourceTree = "<group>"; };
		F04526F01F6ADE34006471AE /* Base */ = {isa = PBXFileReference; lastKnownFileType = file.storyboard; name = Base; path = Base.lproj/LaunchScreen.storyboard; sourceTree = "<group>"; };
		F04526F21F6ADE34006471AE /* Info.plist */ = {isa = PBXFileReference; lastKnownFileType = text.plist.xml; path = Info.plist; sourceTree = "<group>"; };
		F04526F31F6ADE34006471AE /* main.m */ = {isa = PBXFileReference; lastKnownFileType = sourcecode.c.objc; path = main.m; sourceTree = "<group>"; };
		F0D9E5801F6BC7C5004F50D3 /* screen-stream-watch-swift.app */ = {isa = PBXFileReference; explicitFileType = wrapper.application; includeInIndex = 0; path = "screen-stream-watch-swift.app"; sourceTree = BUILT_PRODUCTS_DIR; };
		F0D9E5821F6BC7C5004F50D3 /* AppDelegate.swift */ = {isa = PBXFileReference; lastKnownFileType = sourcecode.swift; path = AppDelegate.swift; sourceTree = "<group>"; };
		F0D9E5841F6BC7C5004F50D3 /* ViewController.swift */ = {isa = PBXFileReference; lastKnownFileType = sourcecode.swift; path = ViewController.swift; sourceTree = "<group>"; };
		F0D9E5871F6BC7C5004F50D3 /* Base */ = {isa = PBXFileReference; lastKnownFileType = file.storyboard; name = Base; path = Base.lproj/Main.storyboard; sourceTree = "<group>"; };
		F0D9E5891F6BC7C5004F50D3 /* Assets.xcassets */ = {isa = PBXFileReference; lastKnownFileType = folder.assetcatalog; path = Assets.xcassets; sourceTree = "<group>"; };
		F0D9E58C1F6BC7C5004F50D3 /* Base */ = {isa = PBXFileReference; lastKnownFileType = file.storyboard; name = Base; path = Base.lproj/LaunchScreen.storyboard; sourceTree = "<group>"; };
		F0D9E58E1F6BC7C5004F50D3 /* Info.plist */ = {isa = PBXFileReference; lastKnownFileType = text.plist.xml; path = Info.plist; sourceTree = "<group>"; };
/* End PBXFileReference section */

/* Begin PBXFrameworksBuildPhase section */
		F03FDB111F698D1200CD2EC2 /* Frameworks */ = {
			isa = PBXFrameworksBuildPhase;
			buildActionMask = 2147483647;
			files = (
				4AE84DF0D558B121475CF8CF /* libPods-screen-stream.a in Frameworks */,
			);
			runOnlyForDeploymentPostprocessing = 0;
		};
		F04526DF1F6ADE34006471AE /* Frameworks */ = {
			isa = PBXFrameworksBuildPhase;
			buildActionMask = 2147483647;
			files = (
				2FE3036B05CAD6379A2C6DEC /* libPods-screen-stream-watch.a in Frameworks */,
			);
			runOnlyForDeploymentPostprocessing = 0;
		};
		F0D9E57D1F6BC7C5004F50D3 /* Frameworks */ = {
			isa = PBXFrameworksBuildPhase;
			buildActionMask = 2147483647;
			files = (
				22540843E6879CC17C3B27B5 /* Pods_screen_stream_watch_swift.framework in Frameworks */,
			);
			runOnlyForDeploymentPostprocessing = 0;
		};
/* End PBXFrameworksBuildPhase section */

/* Begin PBXGroup section */
		502959BA51EDB6C9E5E21D35 /* Pods */ = {
			isa = PBXGroup;
			children = (
				AB9143887CC7A4B8D9501048 /* Pods-screen-stream.debug.xcconfig */,
				692D781D1024B18F9192613D /* Pods-screen-stream.release.xcconfig */,
				9DF8F674CAD4AAA50E853908 /* Pods-screen-stream-watch.debug.xcconfig */,
				052CCA0EC19AA1C5496DDBF4 /* Pods-screen-stream-watch.release.xcconfig */,
				2B74CAFA47EE58993C2C3550 /* Pods-screen-stream-watch-swift.debug.xcconfig */,
				8410ABF4FB4AB67B64009A5F /* Pods-screen-stream-watch-swift.release.xcconfig */,
			);
			name = Pods;
			sourceTree = "<group>";
		};
		A666BB9D034B8B32C21D8872 /* Frameworks */ = {
			isa = PBXGroup;
			children = (
				57261D99E0183E1DE081C177 /* libPods-screen-stream.a */,
				3CEB795B5FA76D2806AD2F8A /* libPods-screen-stream-watch.a */,
				57B6F6F8A75741ADE6EAC417 /* Pods_screen_stream_watch_swift.framework */,
			);
			name = Frameworks;
			sourceTree = "<group>";
		};
		F03FDB0B1F698D1100CD2EC2 = {
			isa = PBXGroup;
			children = (
				F03FDB161F698D1200CD2EC2 /* screen-stream */,
				F04526E31F6ADE34006471AE /* screen-stream-watch */,
				F0D9E5811F6BC7C5004F50D3 /* screen-stream-watch-swift */,
				F03FDB151F698D1200CD2EC2 /* Products */,
				502959BA51EDB6C9E5E21D35 /* Pods */,
				A666BB9D034B8B32C21D8872 /* Frameworks */,
			);
			sourceTree = "<group>";
		};
		F03FDB151F698D1200CD2EC2 /* Products */ = {
			isa = PBXGroup;
			children = (
				F03FDB141F698D1200CD2EC2 /* screen-stream.app */,
				F04526E21F6ADE34006471AE /* screen-stream-watch.app */,
				F0D9E5801F6BC7C5004F50D3 /* screen-stream-watch-swift.app */,
			);
			name = Products;
			sourceTree = "<group>";
		};
		F03FDB161F698D1200CD2EC2 /* screen-stream */ = {
			isa = PBXGroup;
			children = (
				F03FDB1A1F698D1200CD2EC2 /* AppDelegate.h */,
				F03FDB1B1F698D1200CD2EC2 /* AppDelegate.m */,
				F03FDB1D1F698D1200CD2EC2 /* FirstViewController.h */,
				F03FDB1E1F698D1200CD2EC2 /* FirstViewController.m */,
				F03FDB201F698D1200CD2EC2 /* SecondViewController.h */,
				F03FDB211F698D1200CD2EC2 /* SecondViewController.m */,
				F03FDB231F698D1200CD2EC2 /* Main.storyboard */,
				F03FDB261F698D1200CD2EC2 /* Assets.xcassets */,
				F03FDB281F698D1200CD2EC2 /* LaunchScreen.storyboard */,
				F03FDB2B1F698D1200CD2EC2 /* Info.plist */,
				F03FDB171F698D1200CD2EC2 /* Supporting Files */,
			);
			path = "screen-stream";
			sourceTree = "<group>";
		};
		F03FDB171F698D1200CD2EC2 /* Supporting Files */ = {
			isa = PBXGroup;
			children = (
				F03FDB181F698D1200CD2EC2 /* main.m */,
			);
			name = "Supporting Files";
			sourceTree = "<group>";
		};
		F04526E31F6ADE34006471AE /* screen-stream-watch */ = {
			isa = PBXGroup;
			children = (
				F04526E41F6ADE34006471AE /* AppDelegate.h */,
				F04526E51F6ADE34006471AE /* AppDelegate.m */,
				F04526E71F6ADE34006471AE /* ViewController.h */,
				F04526E81F6ADE34006471AE /* ViewController.m */,
				F04526EA1F6ADE34006471AE /* Main.storyboard */,
				F04526ED1F6ADE34006471AE /* Assets.xcassets */,
				F04526EF1F6ADE34006471AE /* LaunchScreen.storyboard */,
				F04526F21F6ADE34006471AE /* Info.plist */,
				F04526F31F6ADE34006471AE /* main.m */,
			);
			path = "screen-stream-watch";
			sourceTree = "<group>";
		};
		F0D9E5811F6BC7C5004F50D3 /* screen-stream-watch-swift */ = {
			isa = PBXGroup;
			children = (
				F0D9E5821F6BC7C5004F50D3 /* AppDelegate.swift */,
				F0D9E5841F6BC7C5004F50D3 /* ViewController.swift */,
				F0D9E5861F6BC7C5004F50D3 /* Main.storyboard */,
				F0D9E5891F6BC7C5004F50D3 /* Assets.xcassets */,
				F0D9E58B1F6BC7C5004F50D3 /* LaunchScreen.storyboard */,
				F0D9E58E1F6BC7C5004F50D3 /* Info.plist */,
			);
			path = "screen-stream-watch-swift";
			sourceTree = "<group>";
		};
/* End PBXGroup section */

/* Begin PBXNativeTarget section */
		F03FDB131F698D1200CD2EC2 /* screen-stream */ = {
			isa = PBXNativeTarget;
			buildConfigurationList = F03FDB2E1F698D1200CD2EC2 /* Build configuration list for PBXNativeTarget "screen-stream" */;
			buildPhases = (
				389589CEA9449E3F83C625F4 /* [CP] Check Pods Manifest.lock */,
				F03FDB101F698D1200CD2EC2 /* Sources */,
				F03FDB111F698D1200CD2EC2 /* Frameworks */,
				F03FDB121F698D1200CD2EC2 /* Resources */,
				D48973F9CC6196E96397735F /* [CP] Embed Pods Frameworks */,
				B076790687A949A303D60278 /* [CP] Copy Pods Resources */,
			);
			buildRules = (
			);
			dependencies = (
			);
			name = "screen-stream";
			productName = "screen-stream";
			productReference = F03FDB141F698D1200CD2EC2 /* screen-stream.app */;
			productType = "com.apple.product-type.application";
		};
		F04526E11F6ADE34006471AE /* screen-stream-watch */ = {
			isa = PBXNativeTarget;
			buildConfigurationList = F04526F71F6ADE34006471AE /* Build configuration list for PBXNativeTarget "screen-stream-watch" */;
			buildPhases = (
				83768F9D6E74E5A4F703EFF1 /* [CP] Check Pods Manifest.lock */,
				F04526DE1F6ADE34006471AE /* Sources */,
				F04526DF1F6ADE34006471AE /* Frameworks */,
				F04526E01F6ADE34006471AE /* Resources */,
				9FC5BE1FC4C10C82CE644ED6 /* [CP] Embed Pods Frameworks */,
				A6ADA7F4030FAB24266160A8 /* [CP] Copy Pods Resources */,
			);
			buildRules = (
			);
			dependencies = (
			);
			name = "screen-stream-watch";
			productName = "screen-stream-watch";
			productReference = F04526E21F6ADE34006471AE /* screen-stream-watch.app */;
			productType = "com.apple.product-type.application";
		};
		F0D9E57F1F6BC7C5004F50D3 /* screen-stream-watch-swift */ = {
			isa = PBXNativeTarget;
			buildConfigurationList = F0D9E58F1F6BC7C5004F50D3 /* Build configuration list for PBXNativeTarget "screen-stream-watch-swift" */;
			buildPhases = (
				06FC361EC78EF99D6098723F /* [CP] Check Pods Manifest.lock */,
				F0D9E57C1F6BC7C5004F50D3 /* Sources */,
				F0D9E57D1F6BC7C5004F50D3 /* Frameworks */,
				F0D9E57E1F6BC7C5004F50D3 /* Resources */,
				E6D18354F615FA535E9A4AD3 /* [CP] Embed Pods Frameworks */,
				AD256F48715F4CFBA3A40617 /* [CP] Copy Pods Resources */,
			);
			buildRules = (
			);
			dependencies = (
			);
			name = "screen-stream-watch-swift";
			productName = "screen-stream-watch-swift";
			productReference = F0D9E5801F6BC7C5004F50D3 /* screen-stream-watch-swift.app */;
			productType = "com.apple.product-type.application";
		};
/* End PBXNativeTarget section */

/* Begin PBXProject section */
		F03FDB0C1F698D1100CD2EC2 /* Project object */ = {
			isa = PBXProject;
			attributes = {
				LastSwiftUpdateCheck = 0900;
				LastUpgradeCheck = 0900;
				ORGANIZATIONNAME = dotEngine;
				TargetAttributes = {
					F03FDB131F698D1200CD2EC2 = {
						CreatedOnToolsVersion = 8.3;
						DevelopmentTeam = 984L9QX9X5;
						ProvisioningStyle = Automatic;
					};
					F04526E11F6ADE34006471AE = {
						CreatedOnToolsVersion = 9.0;
						DevelopmentTeam = 984L9QX9X5;
						ProvisioningStyle = Automatic;
					};
					F0D9E57F1F6BC7C5004F50D3 = {
						CreatedOnToolsVersion = 9.0;
						DevelopmentTeam = 984L9QX9X5;
						ProvisioningStyle = Automatic;
					};
				};
			};
			buildConfigurationList = F03FDB0F1F698D1100CD2EC2 /* Build configuration list for PBXProject "screen-stream" */;
			compatibilityVersion = "Xcode 3.2";
			developmentRegion = English;
			hasScannedForEncodings = 0;
			knownRegions = (
				en,
				Base,
			);
			mainGroup = F03FDB0B1F698D1100CD2EC2;
			productRefGroup = F03FDB151F698D1200CD2EC2 /* Products */;
			projectDirPath = "";
			projectRoot = "";
			targets = (
				F03FDB131F698D1200CD2EC2 /* screen-stream */,
				F04526E11F6ADE34006471AE /* screen-stream-watch */,
				F0D9E57F1F6BC7C5004F50D3 /* screen-stream-watch-swift */,
			);
		};
/* End PBXProject section */

/* Begin PBXResourcesBuildPhase section */
		F03FDB121F698D1200CD2EC2 /* Resources */ = {
			isa = PBXResourcesBuildPhase;
			buildActionMask = 2147483647;
			files = (
				F03FDB2A1F698D1200CD2EC2 /* LaunchScreen.storyboard in Resources */,
				F03FDB271F698D1200CD2EC2 /* Assets.xcassets in Resources */,
				F03FDB251F698D1200CD2EC2 /* Main.storyboard in Resources */,
			);
			runOnlyForDeploymentPostprocessing = 0;
		};
		F04526E01F6ADE34006471AE /* Resources */ = {
			isa = PBXResourcesBuildPhase;
			buildActionMask = 2147483647;
			files = (
				F04526F11F6ADE34006471AE /* LaunchScreen.storyboard in Resources */,
				F04526EE1F6ADE34006471AE /* Assets.xcassets in Resources */,
				F04526EC1F6ADE34006471AE /* Main.storyboard in Resources */,
			);
			runOnlyForDeploymentPostprocessing = 0;
		};
		F0D9E57E1F6BC7C5004F50D3 /* Resources */ = {
			isa = PBXResourcesBuildPhase;
			buildActionMask = 2147483647;
			files = (
				F0D9E58D1F6BC7C5004F50D3 /* LaunchScreen.storyboard in Resources */,
				F0D9E58A1F6BC7C5004F50D3 /* Assets.xcassets in Resources */,
				F0D9E5881F6BC7C5004F50D3 /* Main.storyboard in Resources */,
			);
			runOnlyForDeploymentPostprocessing = 0;
		};
/* End PBXResourcesBuildPhase section */

/* Begin PBXShellScriptBuildPhase section */
		06FC361EC78EF99D6098723F /* [CP] Check Pods Manifest.lock */ = {
			isa = PBXShellScriptBuildPhase;
			buildActionMask = 2147483647;
			files = (
			);
			inputPaths = (
			);
			name = "[CP] Check Pods Manifest.lock";
			outputPaths = (
			);
			runOnlyForDeploymentPostprocessing = 0;
			shellPath = /bin/sh;
			shellScript = "diff \"${PODS_ROOT}/../Podfile.lock\" \"${PODS_ROOT}/Manifest.lock\" > /dev/null\nif [ $? != 0 ] ; then\n    # print error to STDERR\n    echo \"error: The sandbox is not in sync with the Podfile.lock. Run 'pod install' or update your CocoaPods installation.\" >&2\n    exit 1\nfi\n";
			showEnvVarsInLog = 0;
		};
		389589CEA9449E3F83C625F4 /* [CP] Check Pods Manifest.lock */ = {
			isa = PBXShellScriptBuildPhase;
			buildActionMask = 2147483647;
			files = (
			);
			inputPaths = (
			);
			name = "[CP] Check Pods Manifest.lock";
			outputPaths = (
			);
			runOnlyForDeploymentPostprocessing = 0;
			shellPath = /bin/sh;
			shellScript = "diff \"${PODS_ROOT}/../Podfile.lock\" \"${PODS_ROOT}/Manifest.lock\" > /dev/null\nif [ $? != 0 ] ; then\n    # print error to STDERR\n    echo \"error: The sandbox is not in sync with the Podfile.lock. Run 'pod install' or update your CocoaPods installation.\" >&2\n    exit 1\nfi\n";
			showEnvVarsInLog = 0;
		};
		83768F9D6E74E5A4F703EFF1 /* [CP] Check Pods Manifest.lock */ = {
			isa = PBXShellScriptBuildPhase;
			buildActionMask = 2147483647;
			files = (
			);
			inputPaths = (
			);
			name = "[CP] Check Pods Manifest.lock";
			outputPaths = (
			);
			runOnlyForDeploymentPostprocessing = 0;
			shellPath = /bin/sh;
			shellScript = "diff \"${PODS_ROOT}/../Podfile.lock\" \"${PODS_ROOT}/Manifest.lock\" > /dev/null\nif [ $? != 0 ] ; then\n    # print error to STDERR\n    echo \"error: The sandbox is not in sync with the Podfile.lock. Run 'pod install' or update your CocoaPods installation.\" >&2\n    exit 1\nfi\n";
			showEnvVarsInLog = 0;
		};
		9FC5BE1FC4C10C82CE644ED6 /* [CP] Embed Pods Frameworks */ = {
			isa = PBXShellScriptBuildPhase;
			buildActionMask = 2147483647;
			files = (
			);
			inputPaths = (
			);
			name = "[CP] Embed Pods Frameworks";
			outputPaths = (
			);
			runOnlyForDeploymentPostprocessing = 0;
			shellPath = /bin/sh;
			shellScript = "\"${SRCROOT}/Pods/Target Support Files/Pods-screen-stream-watch/Pods-screen-stream-watch-frameworks.sh\"\n";
			showEnvVarsInLog = 0;
		};
		A6ADA7F4030FAB24266160A8 /* [CP] Copy Pods Resources */ = {
			isa = PBXShellScriptBuildPhase;
			buildActionMask = 2147483647;
			files = (
			);
			inputPaths = (
			);
			name = "[CP] Copy Pods Resources";
			outputPaths = (
			);
			runOnlyForDeploymentPostprocessing = 0;
			shellPath = /bin/sh;
			shellScript = "\"${SRCROOT}/Pods/Target Support Files/Pods-screen-stream-watch/Pods-screen-stream-watch-resources.sh\"\n";
			showEnvVarsInLog = 0;
		};
		AD256F48715F4CFBA3A40617 /* [CP] Copy Pods Resources */ = {
			isa = PBXShellScriptBuildPhase;
			buildActionMask = 2147483647;
			files = (
			);
			inputPaths = (
			);
			name = "[CP] Copy Pods Resources";
			outputPaths = (
			);
			runOnlyForDeploymentPostprocessing = 0;
			shellPath = /bin/sh;
			shellScript = "\"${SRCROOT}/Pods/Target Support Files/Pods-screen-stream-watch-swift/Pods-screen-stream-watch-swift-resources.sh\"\n";
			showEnvVarsInLog = 0;
		};
		B076790687A949A303D60278 /* [CP] Copy Pods Resources */ = {
			isa = PBXShellScriptBuildPhase;
			buildActionMask = 2147483647;
			files = (
			);
			inputPaths = (
			);
			name = "[CP] Copy Pods Resources";
			outputPaths = (
			);
			runOnlyForDeploymentPostprocessing = 0;
			shellPath = /bin/sh;
			shellScript = "\"${SRCROOT}/Pods/Target Support Files/Pods-screen-stream/Pods-screen-stream-resources.sh\"\n";
			showEnvVarsInLog = 0;
		};
		D48973F9CC6196E96397735F /* [CP] Embed Pods Frameworks */ = {
			isa = PBXShellScriptBuildPhase;
			buildActionMask = 2147483647;
			files = (
			);
			inputPaths = (
			);
			name = "[CP] Embed Pods Frameworks";
			outputPaths = (
			);
			runOnlyForDeploymentPostprocessing = 0;
			shellPath = /bin/sh;
			shellScript = "\"${SRCROOT}/Pods/Target Support Files/Pods-screen-stream/Pods-screen-stream-frameworks.sh\"\n";
			showEnvVarsInLog = 0;
		};
		E6D18354F615FA535E9A4AD3 /* [CP] Embed Pods Frameworks */ = {
			isa = PBXShellScriptBuildPhase;
			buildActionMask = 2147483647;
			files = (
			);
			inputPaths = (
			);
			name = "[CP] Embed Pods Frameworks";
			outputPaths = (
			);
			runOnlyForDeploymentPostprocessing = 0;
			shellPath = /bin/sh;
			shellScript = "\"${SRCROOT}/Pods/Target Support Files/Pods-screen-stream-watch-swift/Pods-screen-stream-watch-swift-frameworks.sh\"\n";
			showEnvVarsInLog = 0;
		};
/* End PBXShellScriptBuildPhase section */

/* Begin PBXSourcesBuildPhase section */
		F03FDB101F698D1200CD2EC2 /* Sources */ = {
			isa = PBXSourcesBuildPhase;
			buildActionMask = 2147483647;
			files = (
				F03FDB221F698D1200CD2EC2 /* SecondViewController.m in Sources */,
				F03FDB1C1F698D1200CD2EC2 /* AppDelegate.m in Sources */,
				F03FDB1F1F698D1200CD2EC2 /* FirstViewController.m in Sources */,
				F03FDB191F698D1200CD2EC2 /* main.m in Sources */,
			);
			runOnlyForDeploymentPostprocessing = 0;
		};
		F04526DE1F6ADE34006471AE /* Sources */ = {
			isa = PBXSourcesBuildPhase;
			buildActionMask = 2147483647;
			files = (
				F04526E91F6ADE34006471AE /* ViewController.m in Sources */,
				F04526F41F6ADE34006471AE /* main.m in Sources */,
				F04526E61F6ADE34006471AE /* AppDelegate.m in Sources */,
			);
			runOnlyForDeploymentPostprocessing = 0;
		};
		F0D9E57C1F6BC7C5004F50D3 /* Sources */ = {
			isa = PBXSourcesBuildPhase;
			buildActionMask = 2147483647;
			files = (
				F0D9E5851F6BC7C5004F50D3 /* ViewController.swift in Sources */,
				F0D9E5831F6BC7C5004F50D3 /* AppDelegate.swift in Sources */,
			);
			runOnlyForDeploymentPostprocessing = 0;
		};
/* End PBXSourcesBuildPhase section */

/* Begin PBXVariantGroup section */
		F03FDB231F698D1200CD2EC2 /* Main.storyboard */ = {
			isa = PBXVariantGroup;
			children = (
				F03FDB241F698D1200CD2EC2 /* Base */,
			);
			name = Main.storyboard;
			sourceTree = "<group>";
		};
		F03FDB281F698D1200CD2EC2 /* LaunchScreen.storyboard */ = {
			isa = PBXVariantGroup;
			children = (
				F03FDB291F698D1200CD2EC2 /* Base */,
			);
			name = LaunchScreen.storyboard;
			sourceTree = "<group>";
		};
		F04526EA1F6ADE34006471AE /* Main.storyboard */ = {
			isa = PBXVariantGroup;
			children = (
				F04526EB1F6ADE34006471AE /* Base */,
			);
			name = Main.storyboard;
			sourceTree = "<group>";
		};
		F04526EF1F6ADE34006471AE /* LaunchScreen.storyboard */ = {
			isa = PBXVariantGroup;
			children = (
				F04526F01F6ADE34006471AE /* Base */,
			);
			name = LaunchScreen.storyboard;
			sourceTree = "<group>";
		};
		F0D9E5861F6BC7C5004F50D3 /* Main.storyboard */ = {
			isa = PBXVariantGroup;
			children = (
				F0D9E5871F6BC7C5004F50D3 /* Base */,
			);
			name = Main.storyboard;
			sourceTree = "<group>";
		};
		F0D9E58B1F6BC7C5004F50D3 /* LaunchScreen.storyboard */ = {
			isa = PBXVariantGroup;
			children = (
				F0D9E58C1F6BC7C5004F50D3 /* Base */,
			);
			name = LaunchScreen.storyboard;
			sourceTree = "<group>";
		};
/* End PBXVariantGroup section */

/* Begin XCBuildConfiguration section */
		F03FDB2C1F698D1200CD2EC2 /* Debug */ = {
			isa = XCBuildConfiguration;
			buildSettings = {
				ALWAYS_SEARCH_USER_PATHS = NO;
				CLANG_ANALYZER_NONNULL = YES;
				CLANG_ANALYZER_NUMBER_OBJECT_CONVERSION = YES_AGGRESSIVE;
				CLANG_CXX_LANGUAGE_STANDARD = "gnu++0x";
				CLANG_CXX_LIBRARY = "libc++";
				CLANG_ENABLE_MODULES = YES;
				CLANG_ENABLE_OBJC_ARC = YES;
				CLANG_WARN_BLOCK_CAPTURE_AUTORELEASING = YES;
				CLANG_WARN_BOOL_CONVERSION = YES;
				CLANG_WARN_COMMA = YES;
				CLANG_WARN_CONSTANT_CONVERSION = YES;
				CLANG_WARN_DIRECT_OBJC_ISA_USAGE = YES_ERROR;
				CLANG_WARN_DOCUMENTATION_COMMENTS = YES;
				CLANG_WARN_EMPTY_BODY = YES;
				CLANG_WARN_ENUM_CONVERSION = YES;
				CLANG_WARN_INFINITE_RECURSION = YES;
				CLANG_WARN_INT_CONVERSION = YES;
				CLANG_WARN_NON_LITERAL_NULL_CONVERSION = YES;
				CLANG_WARN_OBJC_LITERAL_CONVERSION = YES;
				CLANG_WARN_OBJC_ROOT_CLASS = YES_ERROR;
				CLANG_WARN_RANGE_LOOP_ANALYSIS = YES;
				CLANG_WARN_STRICT_PROTOTYPES = YES;
				CLANG_WARN_SUSPICIOUS_MOVE = YES;
				CLANG_WARN_UNREACHABLE_CODE = YES;
				CLANG_WARN__DUPLICATE_METHOD_MATCH = YES;
				"CODE_SIGN_IDENTITY[sdk=iphoneos*]" = "iPhone Developer";
				COPY_PHASE_STRIP = NO;
				DEBUG_INFORMATION_FORMAT = dwarf;
				ENABLE_STRICT_OBJC_MSGSEND = YES;
				ENABLE_TESTABILITY = YES;
				GCC_C_LANGUAGE_STANDARD = gnu99;
				GCC_DYNAMIC_NO_PIC = NO;
				GCC_NO_COMMON_BLOCKS = YES;
				GCC_OPTIMIZATION_LEVEL = 0;
				GCC_PREPROCESSOR_DEFINITIONS = (
					"DEBUG=1",
					"$(inherited)",
				);
				GCC_WARN_64_TO_32_BIT_CONVERSION = YES;
				GCC_WARN_ABOUT_RETURN_TYPE = YES_ERROR;
				GCC_WARN_UNDECLARED_SELECTOR = YES;
				GCC_WARN_UNINITIALIZED_AUTOS = YES_AGGRESSIVE;
				GCC_WARN_UNUSED_FUNCTION = YES;
				GCC_WARN_UNUSED_VARIABLE = YES;
				IPHONEOS_DEPLOYMENT_TARGET = 10.3;
				MTL_ENABLE_DEBUG_INFO = YES;
				ONLY_ACTIVE_ARCH = YES;
				SDKROOT = iphoneos;
			};
			name = Debug;
		};
		F03FDB2D1F698D1200CD2EC2 /* Release */ = {
			isa = XCBuildConfiguration;
			buildSettings = {
				ALWAYS_SEARCH_USER_PATHS = NO;
				CLANG_ANALYZER_NONNULL = YES;
				CLANG_ANALYZER_NUMBER_OBJECT_CONVERSION = YES_AGGRESSIVE;
				CLANG_CXX_LANGUAGE_STANDARD = "gnu++0x";
				CLANG_CXX_LIBRARY = "libc++";
				CLANG_ENABLE_MODULES = YES;
				CLANG_ENABLE_OBJC_ARC = YES;
				CLANG_WARN_BLOCK_CAPTURE_AUTORELEASING = YES;
				CLANG_WARN_BOOL_CONVERSION = YES;
				CLANG_WARN_COMMA = YES;
				CLANG_WARN_CONSTANT_CONVERSION = YES;
				CLANG_WARN_DIRECT_OBJC_ISA_USAGE = YES_ERROR;
				CLANG_WARN_DOCUMENTATION_COMMENTS = YES;
				CLANG_WARN_EMPTY_BODY = YES;
				CLANG_WARN_ENUM_CONVERSION = YES;
				CLANG_WARN_INFINITE_RECURSION = YES;
				CLANG_WARN_INT_CONVERSION = YES;
				CLANG_WARN_NON_LITERAL_NULL_CONVERSION = YES;
				CLANG_WARN_OBJC_LITERAL_CONVERSION = YES;
				CLANG_WARN_OBJC_ROOT_CLASS = YES_ERROR;
				CLANG_WARN_RANGE_LOOP_ANALYSIS = YES;
				CLANG_WARN_STRICT_PROTOTYPES = YES;
				CLANG_WARN_SUSPICIOUS_MOVE = YES;
				CLANG_WARN_UNREACHABLE_CODE = YES;
				CLANG_WARN__DUPLICATE_METHOD_MATCH = YES;
				"CODE_SIGN_IDENTITY[sdk=iphoneos*]" = "iPhone Developer";
				COPY_PHASE_STRIP = NO;
				DEBUG_INFORMATION_FORMAT = "dwarf-with-dsym";
				ENABLE_NS_ASSERTIONS = NO;
				ENABLE_STRICT_OBJC_MSGSEND = YES;
				GCC_C_LANGUAGE_STANDARD = gnu99;
				GCC_NO_COMMON_BLOCKS = YES;
				GCC_WARN_64_TO_32_BIT_CONVERSION = YES;
				GCC_WARN_ABOUT_RETURN_TYPE = YES_ERROR;
				GCC_WARN_UNDECLARED_SELECTOR = YES;
				GCC_WARN_UNINITIALIZED_AUTOS = YES_AGGRESSIVE;
				GCC_WARN_UNUSED_FUNCTION = YES;
				GCC_WARN_UNUSED_VARIABLE = YES;
				IPHONEOS_DEPLOYMENT_TARGET = 10.3;
				MTL_ENABLE_DEBUG_INFO = NO;
				SDKROOT = iphoneos;
				VALIDATE_PRODUCT = YES;
			};
			name = Release;
		};
		F03FDB2F1F698D1200CD2EC2 /* Debug */ = {
			isa = XCBuildConfiguration;
			baseConfigurationReference = AB9143887CC7A4B8D9501048 /* Pods-screen-stream.debug.xcconfig */;
			buildSettings = {
				ASSETCATALOG_COMPILER_APPICON_NAME = AppIcon;
				DEVELOPMENT_TEAM = 984L9QX9X5;
				ENABLE_BITCODE = NO;
				INFOPLIST_FILE = "screen-stream/Info.plist";
				IPHONEOS_DEPLOYMENT_TARGET = 11.0;
				LD_RUNPATH_SEARCH_PATHS = "$(inherited) @executable_path/Frameworks";
				PRODUCT_BUNDLE_IDENTIFIER = "cc.dot.screen-stream";
				PRODUCT_NAME = "$(TARGET_NAME)";
			};
			name = Debug;
		};
		F03FDB301F698D1200CD2EC2 /* Release */ = {
			isa = XCBuildConfiguration;
			baseConfigurationReference = 692D781D1024B18F9192613D /* Pods-screen-stream.release.xcconfig */;
			buildSettings = {
				ASSETCATALOG_COMPILER_APPICON_NAME = AppIcon;
				DEVELOPMENT_TEAM = 984L9QX9X5;
				ENABLE_BITCODE = NO;
				INFOPLIST_FILE = "screen-stream/Info.plist";
				IPHONEOS_DEPLOYMENT_TARGET = 11.0;
				LD_RUNPATH_SEARCH_PATHS = "$(inherited) @executable_path/Frameworks";
				PRODUCT_BUNDLE_IDENTIFIER = "cc.dot.screen-stream";
				PRODUCT_NAME = "$(TARGET_NAME)";
			};
			name = Release;
		};
		F04526F51F6ADE34006471AE /* Debug */ = {
			isa = XCBuildConfiguration;
			baseConfigurationReference = 9DF8F674CAD4AAA50E853908 /* Pods-screen-stream-watch.debug.xcconfig */;
			buildSettings = {
				ASSETCATALOG_COMPILER_APPICON_NAME = AppIcon;
				CLANG_CXX_LANGUAGE_STANDARD = "gnu++14";
				CLANG_WARN_BLOCK_CAPTURE_AUTORELEASING = YES;
				CLANG_WARN_COMMA = YES;
				CLANG_WARN_NON_LITERAL_NULL_CONVERSION = YES;
				CLANG_WARN_OBJC_LITERAL_CONVERSION = YES;
				CLANG_WARN_RANGE_LOOP_ANALYSIS = YES;
				CLANG_WARN_STRICT_PROTOTYPES = YES;
				CLANG_WARN_UNGUARDED_AVAILABILITY = YES_AGGRESSIVE;
				CODE_SIGN_IDENTITY = "iPhone Developer";
				CODE_SIGN_STYLE = Automatic;
				DEVELOPMENT_TEAM = 984L9QX9X5;
				ENABLE_BITCODE = NO;
				GCC_C_LANGUAGE_STANDARD = gnu11;
				INFOPLIST_FILE = "screen-stream-watch/Info.plist";
				IPHONEOS_DEPLOYMENT_TARGET = 11.0;
				LD_RUNPATH_SEARCH_PATHS = "$(inherited) @executable_path/Frameworks";
				PRODUCT_BUNDLE_IDENTIFIER = "cc.dot.screen-stream-watch";
				PRODUCT_NAME = "$(TARGET_NAME)";
				TARGETED_DEVICE_FAMILY = "1,2";
			};
			name = Debug;
		};
		F04526F61F6ADE34006471AE /* Release */ = {
			isa = XCBuildConfiguration;
			baseConfigurationReference = 052CCA0EC19AA1C5496DDBF4 /* Pods-screen-stream-watch.release.xcconfig */;
			buildSettings = {
				ASSETCATALOG_COMPILER_APPICON_NAME = AppIcon;
				CLANG_CXX_LANGUAGE_STANDARD = "gnu++14";
				CLANG_WARN_BLOCK_CAPTURE_AUTORELEASING = YES;
				CLANG_WARN_COMMA = YES;
				CLANG_WARN_NON_LITERAL_NULL_CONVERSION = YES;
				CLANG_WARN_OBJC_LITERAL_CONVERSION = YES;
				CLANG_WARN_RANGE_LOOP_ANALYSIS = YES;
				CLANG_WARN_STRICT_PROTOTYPES = YES;
				CLANG_WARN_UNGUARDED_AVAILABILITY = YES_AGGRESSIVE;
				CODE_SIGN_IDENTITY = "iPhone Developer";
				CODE_SIGN_STYLE = Automatic;
				DEVELOPMENT_TEAM = 984L9QX9X5;
				ENABLE_BITCODE = NO;
				GCC_C_LANGUAGE_STANDARD = gnu11;
				INFOPLIST_FILE = "screen-stream-watch/Info.plist";
				IPHONEOS_DEPLOYMENT_TARGET = 11.0;
				LD_RUNPATH_SEARCH_PATHS = "$(inherited) @executable_path/Frameworks";
				PRODUCT_BUNDLE_IDENTIFIER = "cc.dot.screen-stream-watch";
				PRODUCT_NAME = "$(TARGET_NAME)";
				TARGETED_DEVICE_FAMILY = "1,2";
			};
			name = Release;
		};
		F0D9E5901F6BC7C5004F50D3 /* Debug */ = {
			isa = XCBuildConfiguration;
			baseConfigurationReference = 2B74CAFA47EE58993C2C3550 /* Pods-screen-stream-watch-swift.debug.xcconfig */;
			buildSettings = {
				ASSETCATALOG_COMPILER_APPICON_NAME = AppIcon;
				CLANG_CXX_LANGUAGE_STANDARD = "gnu++14";
				CLANG_WARN_UNGUARDED_AVAILABILITY = YES_AGGRESSIVE;
				CODE_SIGN_IDENTITY = "iPhone Developer";
				CODE_SIGN_STYLE = Automatic;
				DEVELOPMENT_TEAM = 984L9QX9X5;
				ENABLE_BITCODE = NO;
				GCC_C_LANGUAGE_STANDARD = gnu11;
				INFOPLIST_FILE = "screen-stream-watch-swift/Info.plist";
				IPHONEOS_DEPLOYMENT_TARGET = 11.0;
				LD_RUNPATH_SEARCH_PATHS = "$(inherited) @executable_path/Frameworks";
				PRODUCT_BUNDLE_IDENTIFIER = "co.gongzh.screen-stream-watch-swift";
				PRODUCT_NAME = "$(TARGET_NAME)";
				SWIFT_ACTIVE_COMPILATION_CONDITIONS = DEBUG;
				SWIFT_OPTIMIZATION_LEVEL = "-Onone";
				SWIFT_VERSION = 4.0;
				TARGETED_DEVICE_FAMILY = "1,2";
			};
			name = Debug;
		};
		F0D9E5911F6BC7C5004F50D3 /* Release */ = {
			isa = XCBuildConfiguration;
			baseConfigurationReference = 8410ABF4FB4AB67B64009A5F /* Pods-screen-stream-watch-swift.release.xcconfig */;
			buildSettings = {
				ASSETCATALOG_COMPILER_APPICON_NAME = AppIcon;
				CLANG_CXX_LANGUAGE_STANDARD = "gnu++14";
				CLANG_WARN_UNGUARDED_AVAILABILITY = YES_AGGRESSIVE;
				CODE_SIGN_IDENTITY = "iPhone Developer";
				CODE_SIGN_STYLE = Automatic;
				DEVELOPMENT_TEAM = 984L9QX9X5;
				ENABLE_BITCODE = NO;
				GCC_C_LANGUAGE_STANDARD = gnu11;
				INFOPLIST_FILE = "screen-stream-watch-swift/Info.plist";
				IPHONEOS_DEPLOYMENT_TARGET = 11.0;
				LD_RUNPATH_SEARCH_PATHS = "$(inherited) @executable_path/Frameworks";
				PRODUCT_BUNDLE_IDENTIFIER = "co.gongzh.screen-stream-watch-swift";
				PRODUCT_NAME = "$(TARGET_NAME)";
				SWIFT_OPTIMIZATION_LEVEL = "-Owholemodule";
				SWIFT_VERSION = 4.0;
				TARGETED_DEVICE_FAMILY = "1,2";
			};
			name = Release;
		};
/* End XCBuildConfiguration section */

/* Begin XCConfigurationList section */
		F03FDB0F1F698D1100CD2EC2 /* Build configuration list for PBXProject "screen-stream" */ = {
			isa = XCConfigurationList;
			buildConfigurations = (
				F03FDB2C1F698D1200CD2EC2 /* Debug */,
				F03FDB2D1F698D1200CD2EC2 /* Release */,
			);
			defaultConfigurationIsVisible = 0;
			defaultConfigurationName = Release;
		};
		F03FDB2E1F698D1200CD2EC2 /* Build configuration list for PBXNativeTarget "screen-stream" */ = {
			isa = XCConfigurationList;
			buildConfigurations = (
				F03FDB2F1F698D1200CD2EC2 /* Debug */,
				F03FDB301F698D1200CD2EC2 /* Release */,
			);
			defaultConfigurationIsVisible = 0;
			defaultConfigurationName = Release;
		};
		F04526F71F6ADE34006471AE /* Build configuration list for PBXNativeTarget "screen-stream-watch" */ = {
			isa = XCConfigurationList;
			buildConfigurations = (
				F04526F51F6ADE34006471AE /* Debug */,
				F04526F61F6ADE34006471AE /* Release */,
			);
			defaultConfigurationIsVisible = 0;
			defaultConfigurationName = Release;
		};
		F0D9E58F1F6BC7C5004F50D3 /* Build configuration list for PBXNativeTarget "screen-stream-watch-swift" */ = {
			isa = XCConfigurationList;
			buildConfigurations = (
				F0D9E5901F6BC7C5004F50D3 /* Debug */,
				F0D9E5911F6BC7C5004F50D3 /* Release */,
			);
			defaultConfigurationIsVisible = 0;
			defaultConfigurationName = Release;
		};
/* End XCConfigurationList section */
	};
	rootObject = F03FDB0C1F698D1100CD2EC2 /* Project object */;
}
